
Microsoft Visual Studio Solution File, Format Version 12.00
# Visual Studio 15
VisualStudioVersion = 15.0.28010.2026
MinimumVisualStudioVersion = 10.0.40219.1
Project("{FAE04EC0-301F-11D3-BF4B-00C04F79EFBC}") = "Balbet.DAL", "Balbet.DAL\Balbet.DAL.csproj", "{77DA16D5-BF69-49EB-81FE-BCDBB513A3C2}"
EndProject
Project("{FAE04EC0-301F-11D3-BF4B-00C04F79EFBC}") = "Balbet.BL", "Balbet.BL\Balbet.BL.csproj", "{89A661EC-73B8-4792-AD52-E31829CE13C1}"
EndProject
Project("{FAE04EC0-301F-11D3-BF4B-00C04F79EFBC}") = "Balbet.WEB", "Balbet.WEB\Balbet.WEB.csproj", "{E5EB2247-8C2D-45EA-BA74-3CCF1E7CE9E7}"
EndProject
Global
	GlobalSection(SolutionConfigurationPlatforms) = preSolution
		Debug|Any CPU = Debug|Any CPU
		Release|Any CPU = Release|Any CPU
	EndGlobalSection
	GlobalSection(ProjectConfigurationPlatforms) = postSolution
		{77DA16D5-BF69-49EB-81FE-BCDBB513A3C2}.Debug|Any CPU.ActiveCfg = Debug|Any CPU
		{77DA16D5-BF69-49EB-81FE-BCDBB513A3C2}.Debug|Any CPU.Build.0 = Debug|Any CPU
		{77DA16D5-BF69-49EB-81FE-BCDBB513A3C2}.Release|Any CPU.ActiveCfg = Release|Any CPU
		{77DA16D5-BF69-49EB-81FE-BCDBB513A3C2}.Release|Any CPU.Build.0 = Release|Any CPU
		{89A661EC-73B8-4792-AD52-E31829CE13C1}.Debug|Any CPU.ActiveCfg = Debug|Any CPU
		{89A661EC-73B8-4792-AD52-E31829CE13C1}.Debug|Any CPU.Build.0 = Debug|Any CPU
		{89A661EC-73B8-4792-AD52-E31829CE13C1}.Release|Any CPU.ActiveCfg = Release|Any CPU
		{89A661EC-73B8-4792-AD52-E31829CE13C1}.Release|Any CPU.Build.0 = Release|Any CPU
		{E5EB2247-8C2D-45EA-BA74-3CCF1E7CE9E7}.Debug|Any CPU.ActiveCfg = Debug|Any CPU
		{E5EB2247-8C2D-45EA-BA74-3CCF1E7CE9E7}.Debug|Any CPU.Build.0 = Debug|Any CPU
		{E5EB2247-8C2D-45EA-BA74-3CCF1E7CE9E7}.Release|Any CPU.ActiveCfg = Release|Any CPU
		{E5EB2247-8C2D-45EA-BA74-3CCF1E7CE9E7}.Release|Any CPU.Build.0 = Release|Any CPU
	EndGlobalSection
	GlobalSection(SolutionProperties) = preSolution
		HideSolutionNode = FALSE
	EndGlobalSection
	GlobalSection(ExtensibilityGlobals) = postSolution
		SolutionGuid = {E24DE83D-9ED8-4FD1-9DBD-50F8051B242C}
	EndGlobalSection
EndGlobal
